Microsoft Visual Studio Solution File, Format Version 12.00
# Visual Studio Version 17
VisualStudioVersion = 17.5.2.0
MinimumVisualStudioVersion = 10.0.40219.1
Project("{2150E333-8FDC-42A3-9474-1A3956D46DE8}") = "src", "src", "{827E0CD3-B72D-47B6-A68D-7590B98EB39B}"
EndProject
Project("{2150E333-8FDC-42A3-9474-1A3956D46DE8}") = "tests", "tests", "{0AB3BF05-4346-4AA6-1389-037BE0695223}"
EndProject
Project("{FAE04EC0-301F-11D3-BF4B-00C04F79EFBC}") = "RescueLink.API", "src\RescueLink.API\RescueLink.API.csproj", "{A7BFFE3E-92E8-CDB0-4970-069BF71BC17D}"
EndProject
Project("{FAE04EC0-301F-11D3-BF4B-00C04F79EFBC}") = "RescueLink.Application", "src\RescueLink.Application\RescueLink.Application.csproj", "{B44D6768-F1DE-6D0E-4D8E-D73858A091AB}"
EndProject
Project("{FAE04EC0-301F-11D3-BF4B-00C04F79EFBC}") = "RescueLink.Domain", "src\RescueLink.Domain\RescueLink.Domain.csproj", "{2F64A163-D58E-6EBA-6388-68754A2820B4}"
EndProject
Project("{FAE04EC0-301F-11D3-BF4B-00C04F79EFBC}") = "RescueLink.Infrastructure", "src\RescueLink.Infrastructure\RescueLink.Infrastructure.csproj", "{7751FD61-8FBA-3DE0-DF5A-E9DE27667684}"
EndProject
Project("{FAE04EC0-301F-11D3-BF4B-00C04F79EFBC}") = "RescueLink.Persistence", "src\RescueLink.Persistence\RescueLink.Persistence.csproj", "{B4A22F4D-A8EF-1FDB-C185-B3052C0D02D8}"
EndProject
Project("{FAE04EC0-301F-11D3-BF4B-00C04F79EFBC}") = "RescueLink.Application.Tests", "tests\RescueLink.Application.Tests\RescueLink.Application.Tests.csproj", "{07AEA367-8A32-DF2B-3C4F-1F32ADEC34EB}"
EndProject
Project("{FAE04EC0-301F-11D3-BF4B-00C04F79EFBC}") = "RescueLink.Domain.Tests", "tests\RescueLink.Domain.Tests\RescueLink.Domain.Tests.csproj", "{F37F6D80-75E9-F63E-363A-8A36C4DE06FC}"
EndProject
Global
	GlobalSection(SolutionConfigurationPlatforms) = preSolution
		Debug|Any CPU = Debug|Any CPU
		Release|Any CPU = Release|Any CPU
	EndGlobalSection
	GlobalSection(ProjectConfigurationPlatforms) = postSolution
		{A7BFFE3E-92E8-CDB0-4970-069BF71BC17D}.Debug|Any CPU.ActiveCfg = Debug|Any CPU
		{A7BFFE3E-92E8-CDB0-4970-069BF71BC17D}.Debug|Any CPU.Build.0 = Debug|Any CPU
		{A7BFFE3E-92E8-CDB0-4970-069BF71BC17D}.Release|Any CPU.ActiveCfg = Release|Any CPU
		{A7BFFE3E-92E8-CDB0-4970-069BF71BC17D}.Release|Any CPU.Build.0 = Release|Any CPU
		{B44D6768-F1DE-6D0E-4D8E-D73858A091AB}.Debug|Any CPU.ActiveCfg = Debug|Any CPU
		{B44D6768-F1DE-6D0E-4D8E-D73858A091AB}.Debug|Any CPU.Build.0 = Debug|Any CPU
		{B44D6768-F1DE-6D0E-4D8E-D73858A091AB}.Release|Any CPU.ActiveCfg = Release|Any CPU
		{B44D6768-F1DE-6D0E-4D8E-D73858A091AB}.Release|Any CPU.Build.0 = Release|Any CPU
		{2F64A163-D58E-6EBA-6388-68754A2820B4}.Debug|Any CPU.ActiveCfg = Debug|Any CPU
		{2F64A163-D58E-6EBA-6388-68754A2820B4}.Debug|Any CPU.Build.0 = Debug|Any CPU
		{2F64A163-D58E-6EBA-6388-68754A2820B4}.Release|Any CPU.ActiveCfg = Release|Any CPU
		{2F64A163-D58E-6EBA-6388-68754A2820B4}.Release|Any CPU.Build.0 = Release|Any CPU
		{7751FD61-8FBA-3DE0-DF5A-E9DE27667684}.Debug|Any CPU.ActiveCfg = Debug|Any CPU
		{7751FD61-8FBA-3DE0-DF5A-E9DE27667684}.Debug|Any CPU.Build.0 = Debug|Any CPU
		{7751FD61-8FBA-3DE0-DF5A-E9DE27667684}.Release|Any CPU.ActiveCfg = Release|Any CPU
		{7751FD61-8FBA-3DE0-DF5A-E9DE27667684}.Release|Any CPU.Build.0 = Release|Any CPU
		{B4A22F4D-A8EF-1FDB-C185-B3052C0D02D8}.Debug|Any CPU.ActiveCfg = Debug|Any CPU
		{B4A22F4D-A8EF-1FDB-C185-B3052C0D02D8}.Debug|Any CPU.Build.0 = Debug|Any CPU
		{B4A22F4D-A8EF-1FDB-C185-B3052C0D02D8}.Release|Any CPU.ActiveCfg = Release|Any CPU
		{B4A22F4D-A8EF-1FDB-C185-B3052C0D02D8}.Release|Any CPU.Build.0 = Release|Any CPU
		{07AEA367-8A32-DF2B-3C4F-1F32ADEC34EB}.Debug|Any CPU.ActiveCfg = Debug|Any CPU
		{07AEA367-8A32-DF2B-3C4F-1F32ADEC34EB}.Debug|Any CPU.Build.0 = Debug|Any CPU
		{07AEA367-8A32-DF2B-3C4F-1F32ADEC34EB}.Release|Any CPU.ActiveCfg = Release|Any CPU
		{07AEA367-8A32-DF2B-3C4F-1F32ADEC34EB}.Release|Any CPU.Build.0 = Release|Any CPU
		{F37F6D80-75E9-F63E-363A-8A36C4DE06FC}.Debug|Any CPU.ActiveCfg = Debug|Any CPU
		{F37F6D80-75E9-F63E-363A-8A36C4DE06FC}.Debug|Any CPU.Build.0 = Debug|Any CPU
		{F37F6D80-75E9-F63E-363A-8A36C4DE06FC}.Release|Any CPU.ActiveCfg = Release|Any CPU
		{F37F6D80-75E9-F63E-363A-8A36C4DE06FC}.Release|Any CPU.Build.0 = Release|Any CPU
	EndGlobalSection
	GlobalSection(SolutionProperties) = preSolution
		HideSolutionNode = FALSE
	EndGlobalSection
	GlobalSection(NestedProjects) = preSolution
		{A7BFFE3E-92E8-CDB0-4970-069BF71BC17D} = {827E0CD3-B72D-47B6-A68D-7590B98EB39B}
		{B44D6768-F1DE-6D0E-4D8E-D73858A091AB} = {827E0CD3-B72D-47B6-A68D-7590B98EB39B}
		{2F64A163-D58E-6EBA-6388-68754A2820B4} = {827E0CD3-B72D-47B6-A68D-7590B98EB39B}
		{7751FD61-8FBA-3DE0-DF5A-E9DE27667684} = {827E0CD3-B72D-47B6-A68D-7590B98EB39B}
		{B4A22F4D-A8EF-1FDB-C185-B3052C0D02D8} = {827E0CD3-B72D-47B6-A68D-7590B98EB39B}
		{07AEA367-8A32-DF2B-3C4F-1F32ADEC34EB} = {0AB3BF05-4346-4AA6-1389-037BE0695223}
		{F37F6D80-75E9-F63E-363A-8A36C4DE06FC} = {0AB3BF05-4346-4AA6-1389-037BE0695223}
	EndGlobalSection
	GlobalSection(ExtensibilityGlobals) = postSolution
		SolutionGuid = {3BF32016-53C5-4E40-B49A-677719721DF5}
	EndGlobalSection
EndGlobal
